// !$*UTF8*$!
{
	archiveVersion = 1;
	classes = {
	};
	objectVersion = 46;
	objects = {

/* Begin PBXBuildFile section */
		A046DC9B194DFA2600739A14 /* Foundation.framework in Frameworks */ = {isa = PBXBuildFile; fileRef = A046DC9A194DFA2600739A14 /* Foundation.framework */; };
		A046DC9D194DFA2600739A14 /* CoreGraphics.framework in Frameworks */ = {isa = PBXBuildFile; fileRef = A046DC9C194DFA2600739A14 /* CoreGraphics.framework */; };
		A046DC9F194DFA2600739A14 /* UIKit.framework in Frameworks */ = {isa = PBXBuildFile; fileRef = A046DC9E194DFA2600739A14 /* UIKit.framework */; };
		A046DCA5194DFA2600739A14 /* InfoPlist.strings in Resources */ = {isa = PBXBuildFile; fileRef = A046DCA3194DFA2600739A14 /* InfoPlist.strings */; };
		A046DCA7194DFA2600739A14 /* main.m in Sources */ = {isa = PBXBuildFile; fileRef = A046DCA6194DFA2600739A14 /* main.m */; };
		A046DCAB194DFA2600739A14 /* BNRAppDelegate.m in Sources */ = {isa = PBXBuildFile; fileRef = A046DCAA194DFA2600739A14 /* BNRAppDelegate.m */; };
		A046DCAD194DFA2600739A14 /* Images.xcassets in Resources */ = {isa = PBXBuildFile; fileRef = A046DCAC194DFA2600739A14 /* Images.xcassets */; };
		A046DCB4194DFA2600739A14 /* XCTest.framework in Frameworks */ = {isa = PBXBuildFile; fileRef = A046DCB3194DFA2600739A14 /* XCTest.framework */; };
		A046DCB5194DFA2600739A14 /* Foundation.framework in Frameworks */ = {isa = PBXBuildFile; fileRef = A046DC9A194DFA2600739A14 /* Foundation.framework */; };
		A046DCB6194DFA2600739A14 /* UIKit.framework in Frameworks */ = {isa = PBXBuildFile; fileRef = A046DC9E194DFA2600739A14 /* UIKit.framework */; };
		A046DCBE194DFA2600739A14 /* InfoPlist.strings in Resources */ = {isa = PBXBuildFile; fileRef = A046DCBC194DFA2600739A14 /* InfoPlist.strings */; };
		A046DCC0194DFA2600739A14 /* HypnosisterTests.m in Sources */ = {isa = PBXBuildFile; fileRef = A046DCBF194DFA2600739A14 /* HypnosisterTests.m */; };
		A046DCCB194DFDF000739A14 /* BNRHypnosisView.m in Sources */ = {isa = PBXBuildFile; fileRef = A046DCCA194DFDF000739A14 /* BNRHypnosisView.m */; };
/* End PBXBuildFile section */

/* Begin PBXContainerItemProxy section */
		A046DCB7194DFA2600739A14 /* PBXContainerItemProxy */ = {
			isa = PBXContainerItemProxy;
			containerPortal = A046DC8F194DFA2500739A14 /* Project object */;
			proxyType = 1;
			remoteGlobalIDString = A046DC96194DFA2600739A14;
			remoteInfo = Hypnosister;
		};
/* End PBXContainerItemProxy section */

/* Begin PBXFileReference section */
		A046DC97194DFA2600739A14 /* Hypnosister.app */ = {isa = PBXFileReference; explicitFileType = wrapper.application; includeInIndex = 0; path = Hypnosister.app; sourceTree = BUILT_PRODUCTS_DIR; };
		A046DC9A194DFA2600739A14 /* Foundation.framework */ = {isa = PBXFileReference; lastKnownFileType = wrapper.framework; name = Foundation.framework; path = System/Library/Frameworks/Foundation.framework; sourceTree = SDKROOT; };
		A046DC9C194DFA2600739A14 /* CoreGraphics.framework */ = {isa = PBXFileReference; lastKnownFileType = wrapper.framework; name = CoreGraphics.framework; path = System/Library/Frameworks/CoreGraphics.framework; sourceTree = SDKROOT; };
		A046DC9E194DFA2600739A14 /* UIKit.framework */ = {isa = PBXFileReference; lastKnownFileType = wrapper.framework; name = UIKit.framework; path = System/Library/Frameworks/UIKit.framework; sourceTree = SDKROOT; };
		A046DCA2194DFA2600739A14 /* Hypnosister-Info.plist */ = {isa = PBXFileReference; lastKnownFileType = text.plist.xml; path = "Hypnosister-Info.plist"; sourceTree = "<group>"; };
		A046DCA4194DFA2600739A14 /* en */ = {isa = PBXFileReference; lastKnownFileType = text.plist.strings; name = en; path = en.lproj/InfoPlist.strings; sourceTree = "<group>"; };
		A046DCA6194DFA2600739A14 /* main.m */ = {isa = PBXFileReference; lastKnownFileType = sourcecode.c.objc; path = main.m; sourceTree = "<group>"; };
		A046DCA8194DFA2600739A14 /* Hypnosister-Prefix.pch */ = {isa = PBXFileReference; lastKnownFileType = sourcecode.c.h; path = "Hypnosister-Prefix.pch"; sourceTree = "<group>"; };
		A046DCA9194DFA2600739A14 /* BNRAppDelegate.h */ = {isa = PBXFileReference; lastKnownFileType = sourcecode.c.h; path = BNRAppDelegate.h; sourceTree = "<group>"; };
		A046DCAA194DFA2600739A14 /* BNRAppDelegate.m */ = {isa = PBXFileReference; lastKnownFileType = sourcecode.c.objc; path = BNRAppDelegate.m; sourceTree = "<group>"; };
		A046DCAC194DFA2600739A14 /* Images.xcassets */ = {isa = PBXFileReference; lastKnownFileType = folder.assetcatalog; path = Images.xcassets; sourceTree = "<group>"; };
		A046DCB2194DFA2600739A14 /* HypnosisterTests.xctest */ = {isa = PBXFileReference; explicitFileType = wrapper.cfbundle; includeInIndex = 0; path = HypnosisterTests.xctest; sourceTree = BUILT_PRODUCTS_DIR; };
		A046DCB3194DFA2600739A14 /* XCTest.framework */ = {isa = PBXFileReference; lastKnownFileType = wrapper.framework; name = XCTest.framework; path = Library/Frameworks/XCTest.framework; sourceTree = DEVELOPER_DIR; };
		A046DCBB194DFA2600739A14 /* HypnosisterTests-Info.plist */ = {isa = PBXFileReference; lastKnownFileType = text.plist.xml; path = "HypnosisterTests-Info.plist"; sourceTree = "<group>"; };
		A046DCBD194DFA2600739A14 /* en */ = {isa = PBXFileReference; lastKnownFileType = text.plist.strings; name = en; path = en.lproj/InfoPlist.strings; sourceTree = "<group>"; };
		A046DCBF194DFA2600739A14 /* HypnosisterTests.m */ = {isa = PBXFileReference; lastKnownFileType = sourcecode.c.objc; path = HypnosisterTests.m; sourceTree = "<group>"; };
		A046DCC9194DFDF000739A14 /* BNRHypnosisView.h */ = {isa = PBXFileReference; fileEncoding = 4; lastKnownFileType = sourcecode.c.h; path = BNRHypnosisView.h; sourceTree = "<group>"; };
		A046DCCA194DFDF000739A14 /* BNRHypnosisView.m */ = {isa = PBXFileReference; fileEncoding = 4; lastKnownFileType = sourcecode.c.objc; path = BNRHypnosisView.m; sourceTree = "<group>"; };
/* End PBXFileReference section */

/* Begin PBXFrameworksBuildPhase section */
		A046DC94194DFA2600739A14 /* Frameworks */ = {
			isa = PBXFrameworksBuildPhase;
			buildActionMask = 2147483647;
			files = (
				A046DC9D194DFA2600739A14 /* CoreGraphics.framework in Frameworks */,
				A046DC9F194DFA2600739A14 /* UIKit.framework in Frameworks */,
				A046DC9B194DFA2600739A14 /* Foundation.framework in Frameworks */,
			);
			runOnlyForDeploymentPostprocessing = 0;
		};
		A046DCAF194DFA2600739A14 /* Frameworks */ = {
			isa = PBXFrameworksBuildPhase;
			buildActionMask = 2147483647;
			files = (
				A046DCB4194DFA2600739A14 /* XCTest.framework in Frameworks */,
				A046DCB6194DFA2600739A14 /* UIKit.framework in Frameworks */,
				A046DCB5194DFA2600739A14 /* Foundation.framework in Frameworks */,
			);
			runOnlyForDeploymentPostprocessing = 0;
		};
/* End PBXFrameworksBuildPhase section */

/* Begin PBXGroup section */
		A046DC8E194DFA2500739A14 = {
			isa = PBXGroup;
			children = (
				A046DCC9194DFDF000739A14 /* BNRHypnosisView.h */,
				A046DCCA194DFDF000739A14 /* BNRHypnosisView.m */,
				A046DCA0194DFA2600739A14 /* Hypnosister */,
				A046DCB9194DFA2600739A14 /* HypnosisterTests */,
				A046DC99194DFA2600739A14 /* Frameworks */,
				A046DC98194DFA2600739A14 /* Products */,
			);
			sourceTree = "<group>";
		};
		A046DC98194DFA2600739A14 /* Products */ = {
			isa = PBXGroup;
			children = (
				A046DC97194DFA2600739A14 /* Hypnosister.app */,
				A046DCB2194DFA2600739A14 /* HypnosisterTests.xctest */,
			);
			name = Products;
			sourceTree = "<group>";
		};
		A046DC99194DFA2600739A14 /* Frameworks */ = {
			isa = PBXGroup;
			children = (
				A046DC9A194DFA2600739A14 /* Foundation.framework */,
				A046DC9C194DFA2600739A14 /* CoreGraphics.framework */,
				A046DC9E194DFA2600739A14 /* UIKit.framework */,
				A046DCB3194DFA2600739A14 /* XCTest.framework */,
			);
			name = Frameworks;
			sourceTree = "<group>";
		};
		A046DCA0194DFA2600739A14 /* Hypnosister */ = {
			isa = PBXGroup;
			children = (
				A046DCA9194DFA2600739A14 /* BNRAppDelegate.h */,
				A046DCAA194DFA2600739A14 /* BNRAppDelegate.m */,
				A046DCAC194DFA2600739A14 /* Images.xcassets */,
				A046DCA1194DFA2600739A14 /* Supporting Files */,
			);
			path = Hypnosister;
			sourceTree = "<group>";
		};
		A046DCA1194DFA2600739A14 /* Supporting Files */ = {
			isa = PBXGroup;
			children = (
				A046DCA2194DFA2600739A14 /* Hypnosister-Info.plist */,
				A046DCA3194DFA2600739A14 /* InfoPlist.strings */,
				A046DCA6194DFA2600739A14 /* main.m */,
				A046DCA8194DFA2600739A14 /* Hypnosister-Prefix.pch */,
			);
			name = "Supporting Files";
			sourceTree = "<group>";
		};
		A046DCB9194DFA2600739A14 /* HypnosisterTests */ = {
			isa = PBXGroup;
			children = (
				A046DCBF194DFA2600739A14 /* HypnosisterTests.m */,
				A046DCBA194DFA2600739A14 /* Supporting Files */,
			);
			path = HypnosisterTests;
			sourceTree = "<group>";
		};
		A046DCBA194DFA2600739A14 /* Supporting Files */ = {
			isa = PBXGroup;
			children = (
				A046DCBB194DFA2600739A14 /* HypnosisterTests-Info.plist */,
				A046DCBC194DFA2600739A14 /* InfoPlist.strings */,
			);
			name = "Supporting Files";
			sourceTree = "<group>";
		};
/* End PBXGroup section */

/* Begin PBXNativeTarget section */
		A046DC96194DFA2600739A14 /* Hypnosister */ = {
			isa = PBXNativeTarget;
			buildConfigurationList = A046DCC3194DFA2600739A14 /* Build configuration list for PBXNativeTarget "Hypnosister" */;
			buildPhases = (
				A046DC93194DFA2600739A14 /* Sources */,
				A046DC94194DFA2600739A14 /* Frameworks */,
				A046DC95194DFA2600739A14 /* Resources */,
			);
			buildRules = (
			);
			dependencies = (
			);
			name = Hypnosister;
			productName = Hypnosister;
			productReference = A046DC97194DFA2600739A14 /* Hypnosister.app */;
			productType = "com.apple.product-type.application";
		};
		A046DCB1194DFA2600739A14 /* HypnosisterTests */ = {
			isa = PBXNativeTarget;
			buildConfigurationList = A046DCC6194DFA2600739A14 /* Build configuration list for PBXNativeTarget "HypnosisterTests" */;
			buildPhases = (
				A046DCAE194DFA2600739A14 /* Sources */,
				A046DCAF194DFA2600739A14 /* Frameworks */,
				A046DCB0194DFA2600739A14 /* Resources */,
			);
			buildRules = (
			);
			dependencies = (
				A046DCB8194DFA2600739A14 /* PBXTargetDependency */,
			);
			name = HypnosisterTests;
			productName = HypnosisterTests;
			productReference = A046DCB2194DFA2600739A14 /* HypnosisterTests.xctest */;
			productType = "com.apple.product-type.bundle.unit-test";
		};
/* End PBXNativeTarget section */

/* Begin PBXProject section */
		A046DC8F194DFA2500739A14 /* Project object */ = {
			isa = PBXProject;
			attributes = {
				CLASSPREFIX = BNR;
				LastUpgradeCheck = 0510;
				ORGANIZATIONNAME = "Limonada de Mango";
				TargetAttributes = {
					A046DCB1194DFA2600739A14 = {
						TestTargetID = A046DC96194DFA2600739A14;
					};
				};
			};
			buildConfigurationList = A046DC92194DFA2500739A14 /* Build configuration list for PBXProject "Hypnosister" */;
			compatibilityVersion = "Xcode 3.2";
			developmentRegion = English;
			hasScannedForEncodings = 0;
			knownRegions = (
				en,
			);
			mainGroup = A046DC8E194DFA2500739A14;
			productRefGroup = A046DC98194DFA2600739A14 /* Products */;
			projectDirPath = "";
			projectRoot = "";
			targets = (
				A046DC96194DFA2600739A14 /* Hypnosister */,
				A046DCB1194DFA2600739A14 /* HypnosisterTests */,
			);
		};
/* End PBXProject section */

/* Begin PBXResourcesBuildPhase section */
		A046DC95194DFA2600739A14 /* Resources */ = {
			isa = PBXResourcesBuildPhase;
			buildActionMask = 2147483647;
			files = (
				A046DCA5194DFA2600739A14 /* InfoPlist.strings in Resources */,
				A046DCAD194DFA2600739A14 /* Images.xcassets in Resources */,
			);
			runOnlyForDeploymentPostprocessing = 0;
		};
		A046DCB0194DFA2600739A14 /* Resources */ = {
			isa = PBXResourcesBuildPhase;
			buildActionMask = 2147483647;
			files = (
				A046DCBE194DFA2600739A14 /* InfoPlist.strings in Resources */,
			);
			runOnlyForDeploymentPostprocessing = 0;
		};
/* End PBXResourcesBuildPhase section */

/* Begin PBXSourcesBuildPhase section */
		A046DC93194DFA2600739A14 /* Sources */ = {
			isa = PBXSourcesBuildPhase;
			buildActionMask = 2147483647;
			files = (
				A046DCA7194DFA2600739A14 /* main.m in Sources */,
				A046DCAB194DFA2600739A14 /* BNRAppDelegate.m in Sources */,
				A046DCCB194DFDF000739A14 /* BNRHypnosisView.m in Sources */,
			);
			runOnlyForDeploymentPostprocessing = 0;
		};
		A046DCAE194DFA2600739A14 /* Sources */ = {
			isa = PBXSourcesBuildPhase;
			buildActionMask = 2147483647;
			files = (
				A046DCC0194DFA2600739A14 /* HypnosisterTests.m in Sources */,
			);
			runOnlyForDeploymentPostprocessing = 0;
		};
/* End PBXSourcesBuildPhase section */

/* Begin PBXTargetDependency section */
		A046DCB8194DFA2600739A14 /* PBXTargetDependency */ = {
			isa = PBXTargetDependency;
			target = A046DC96194DFA2600739A14 /* Hypnosister */;
			targetProxy = A046DCB7194DFA2600739A14 /* PBXContainerItemProxy */;
		};
/* End PBXTargetDependency section */

/* Begin PBXVariantGroup section */
		A046DCA3194DFA2600739A14 /* InfoPlist.strings */ = {
			isa = PBXVariantGroup;
			children = (
				A046DCA4194DFA2600739A14 /* en */,
			);
			name = InfoPlist.strings;
			sourceTree = "<group>";
		};
		A046DCBC194DFA2600739A14 /* InfoPlist.strings */ = {
			isa = PBXVariantGroup;
			children = (
				A046DCBD194DFA2600739A14 /* en */,
			);
			name = InfoPlist.strings;
			sourceTree = "<group>";
		};
/* End PBXVariantGroup section */

/* Begin XCBuildConfiguration section */
		A046DCC1194DFA2600739A14 /* Debug */ = {
			isa = XCBuildConfiguration;
			buildSettings = {
				ALWAYS_SEARCH_USER_PATHS = NO;
				CLANG_CXX_LANGUAGE_STANDARD = "gnu++0x";
				CLANG_CXX_LIBRARY = "libc++";
				CLANG_ENABLE_MODULES = YES;
				CLANG_ENABLE_OBJC_ARC = YES;
				CLANG_WARN_BOOL_CONVERSION = YES;
				CLANG_WARN_CONSTANT_CONVERSION = YES;
				CLANG_WARN_DIRECT_OBJC_ISA_USAGE = YES_ERROR;
				CLANG_WARN_EMPTY_BODY = YES;
				CLANG_WARN_ENUM_CONVERSION = YES;
				CLANG_WARN_INT_CONVERSION = YES;
				CLANG_WARN_OBJC_ROOT_CLASS = YES_ERROR;
				CLANG_WARN__DUPLICATE_METHOD_MATCH = YES;
				"CODE_SIGN_IDENTITY[sdk=iphoneos*]" = "iPhone Developer";
				COPY_PHASE_STRIP = NO;
				GCC_C_LANGUAGE_STANDARD = gnu99;
				GCC_DYNAMIC_NO_PIC = NO;
				GCC_OPTIMIZATION_LEVEL = 0;
				GCC_PREPROCESSOR_DEFINITIONS = (
					"DEBUG=1",
					"$(inherited)",
				);
				GCC_SYMBOLS_PRIVATE_EXTERN = NO;
				GCC_WARN_64_TO_32_BIT_CONVERSION = YES;
				GCC_WARN_ABOUT_RETURN_TYPE = YES_ERROR;
				GCC_WARN_UNDECLARED_SELECTOR = YES;
				GCC_WARN_UNINITIALIZED_AUTOS = YES_AGGRESSIVE;
				GCC_WARN_UNUSED_FUNCTION = YES;
				GCC_WARN_UNUSED_VARIABLE = YES;
				IPHONEOS_DEPLOYMENT_TARGET = 7.1;
				ONLY_ACTIVE_ARCH = YES;
				SDKROOT = iphoneos;
			};
			name = Debug;
		};
		A046DCC2194DFA2600739A14 /* Release */ = {
			isa = XCBuildConfiguration;
			buildSettings = {
				ALWAYS_SEARCH_USER_PATHS = NO;
				CLANG_CXX_LANGUAGE_STANDARD = "gnu++0x";
				CLANG_CXX_LIBRARY = "libc++";
				CLANG_ENABLE_MODULES = YES;
				CLANG_ENABLE_OBJC_ARC = YES;
				CLANG_WARN_BOOL_CONVERSION = YES;
				CLANG_WARN_CONSTANT_CONVERSION = YES;
				CLANG_WARN_DIRECT_OBJC_ISA_USAGE = YES_ERROR;
				CLANG_WARN_EMPTY_BODY = YES;
				CLANG_WARN_ENUM_CONVERSION = YES;
				CLANG_WARN_INT_CONVERSION = YES;
				CLANG_WARN_OBJC_ROOT_CLASS = YES_ERROR;
				CLANG_WARN__DUPLICATE_METHOD_MATCH = YES;
				"CODE_SIGN_IDENTITY[sdk=iphoneos*]" = "iPhone Developer";
				COPY_PHASE_STRIP = YES;
				ENABLE_NS_ASSERTIONS = NO;
				GCC_C_LANGUAGE_STANDARD = gnu99;
				GCC_WARN_64_TO_32_BIT_CONVERSION = YES;
				GCC_WARN_ABOUT_RETURN_TYPE = YES_ERROR;
				GCC_WARN_UNDECLARED_SELECTOR = YES;
				GCC_WARN_UNINITIALIZED_AUTOS = YES_AGGRESSIVE;
				GCC_WARN_UNUSED_FUNCTION = YES;
				GCC_WARN_UNUSED_VARIABLE = YES;
				IPHONEOS_DEPLOYMENT_TARGET = 7.1;
				SDKROOT = iphoneos;
				VALIDATE_PRODUCT = YES;
			};
			name = Release;
		};
		A046DCC4194DFA2600739A14 /* Debug */ = {
			isa = XCBuildConfiguration;
			buildSettings = {
				ASSETCATALOG_COMPILER_APPICON_NAME = AppIcon;
				ASSETCATALOG_COMPILER_LAUNCHIMAGE_NAME = LaunchImage;
				GCC_PRECOMPILE_PREFIX_HEADER = YES;
				GCC_PREFIX_HEADER = "Hypnosister/Hypnosister-Prefix.pch";
				INFOPLIST_FILE = "Hypnosister/Hypnosister-Info.plist";
				PRODUCT_NAME = "$(TARGET_NAME)";
				WRAPPER_EXTENSION = app;
			};
			name = Debug;
		};
		A046DCC5194DFA2600739A14 /* Release */ = {
			isa = XCBuildConfiguration;
			buildSettings = {
				ASSETCATALOG_COMPILER_APPICON_NAME = AppIcon;
				ASSETCATALOG_COMPILER_LAUNCHIMAGE_NAME = LaunchImage;
				GCC_PRECOMPILE_PREFIX_HEADER = YES;
				GCC_PREFIX_HEADER = "Hypnosister/Hypnosister-Prefix.pch";
				INFOPLIST_FILE = "Hypnosister/Hypnosister-Info.plist";
				PRODUCT_NAME = "$(TARGET_NAME)";
				WRAPPER_EXTENSION = app;
			};
			name = Release;
		};
		A046DCC7194DFA2600739A14 /* Debug */ = {
			isa = XCBuildConfiguration;
			buildSettings = {
				BUNDLE_LOADER = "$(BUILT_PRODUCTS_DIR)/Hypnosister.app/Hypnosister";
				FRAMEWORK_SEARCH_PATHS = (
					"$(SDKROOT)/Developer/Library/Frameworks",
					"$(inherited)",
					"$(DEVELOPER_FRAMEWORKS_DIR)",
				);
				GCC_PRECOMPILE_PREFIX_HEADER = YES;
				GCC_PREFIX_HEADER = "Hypnosister/Hypnosister-Prefix.pch";
				GCC_PREPROCESSOR_DEFINITIONS = (
					"DEBUG=1",
					"$(inherited)",
				);
				INFOPLIST_FILE = "HypnosisterTests/HypnosisterTests-Info.plist";
				PRODUCT_NAME = "$(TARGET_NAME)";
				TEST_HOST = "$(BUNDLE_LOADER)";
				WRAPPER_EXTENSION = xctest;
			};
			name = Debug;
		};
		A046DCC8194DFA2600739A14 /* Release */ = {
			isa = XCBuildConfiguration;
			buildSettings = {
				BUNDLE_LOADER = "$(BUILT_PRODUCTS_DIR)/Hypnosister.app/Hypnosister";
				FRAMEWORK_SEARCH_PATHS = (
					"$(SDKROOT)/Developer/Library/Frameworks",
					"$(inherited)",
					"$(DEVELOPER_FRAMEWORKS_DIR)",
				);
				GCC_PRECOMPILE_PREFIX_HEADER = YES;
				GCC_PREFIX_HEADER = "Hypnosister/Hypnosister-Prefix.pch";
				INFOPLIST_FILE = "HypnosisterTests/HypnosisterTests-Info.plist";
				PRODUCT_NAME = "$(TARGET_NAME)";
				TEST_HOST = "$(BUNDLE_LOADER)";
				WRAPPER_EXTENSION = xctest;
			};
			name = Release;
		};
/* End XCBuildConfiguration section */

/* Begin XCConfigurationList section */
		A046DC92194DFA2500739A14 /* Build configuration list for PBXProject "Hypnosister" */ = {
			isa = XCConfigurationList;
			buildConfigurations = (
				A046DCC1194DFA2600739A14 /* Debug */,
				A046DCC2194DFA2600739A14 /* Release */,
			);
			defaultConfigurationIsVisible = 0;
			defaultConfigurationName = Release;
		};
		A046DCC3194DFA2600739A14 /* Build configuration list for PBXNativeTarget "Hypnosister" */ = {
			isa = XCConfigurationList;
			buildConfigurations = (
				A046DCC4194DFA2600739A14 /* Debug */,
				A046DCC5194DFA2600739A14 /* Release */,
			);
			defaultConfigurationIsVisible = 0;
		};
		A046DCC6194DFA2600739A14 /* Build configuration list for PBXNativeTarget "HypnosisterTests" */ = {
			isa = XCConfigurationList;
			buildConfigurations = (
				A046DCC7194DFA2600739A14 /* Debug */,
				A046DCC8194DFA2600739A14 /* Release */,
			);
			defaultConfigurationIsVisible = 0;
		};
/* End XCConfigurationList section */
	};
	rootObject = A046DC8F194DFA2500739A14 /* Project object */;
}
